
Microsoft Visual Studio Solution File, Format Version 12.00
# Visual Studio Version 16
VisualStudioVersion = 16.0.30523.141
MinimumVisualStudioVersion = 10.0.40219.1
Project("{FAE04EC0-301F-11D3-BF4B-00C04F79EFBC}") = "PotenzReihen", "PotenzReihen\PotenzReihen.csproj", "{A4F15154-92EC-4C5E-B0BE-4CB31B330E6B}"
EndProject
Global
	GlobalSection(SolutionConfigurationPlatforms) = preSolution
		Debug|Any CPU = Debug|Any CPU
		Release|Any CPU = Release|Any CPU
	EndGlobalSection
	GlobalSection(ProjectConfigurationPlatforms) = postSolution
		{A4F15154-92EC-4C5E-B0BE-4CB31B330E6B}.Debug|Any CPU.ActiveCfg = Debug|Any CPU
		{A4F15154-92EC-4C5E-B0BE-4CB31B330E6B}.Debug|Any CPU.Build.0 = Debug|Any CPU
		{A4F15154-92EC-4C5E-B0BE-4CB31B330E6B}.Release|Any CPU.ActiveCfg = Release|Any CPU
		{A4F15154-92EC-4C5E-B0BE-4CB31B330E6B}.Release|Any CPU.Build.0 = Release|Any CPU
	EndGlobalSection
	GlobalSection(SolutionProperties) = preSolution
		HideSolutionNode = FALSE
	EndGlobalSection
	GlobalSection(ExtensibilityGlobals) = postSolution
		SolutionGuid = {C59624AC-A01A-4D07-93E4-601E0E2F3165}
	EndGlobalSection
EndGlobal
