
Microsoft Visual Studio Solution File, Format Version 12.00
# Visual Studio Version 16
VisualStudioVersion = 16.0.30523.141
MinimumVisualStudioVersion = 10.0.40219.1
Project("{FAE04EC0-301F-11D3-BF4B-00C04F79EFBC}") = "PWM", "PWM\PWM.csproj", "{7CBB1899-D9AB-412B-A99F-D74761AEEAC6}"
EndProject
Global
	GlobalSection(SolutionConfigurationPlatforms) = preSolution
		Debug|Any CPU = Debug|Any CPU
		Release|Any CPU = Release|Any CPU
	EndGlobalSection
	GlobalSection(ProjectConfigurationPlatforms) = postSolution
		{7CBB1899-D9AB-412B-A99F-D74761AEEAC6}.Debug|Any CPU.ActiveCfg = Debug|Any CPU
		{7CBB1899-D9AB-412B-A99F-D74761AEEAC6}.Debug|Any CPU.Build.0 = Debug|Any CPU
		{7CBB1899-D9AB-412B-A99F-D74761AEEAC6}.Release|Any CPU.ActiveCfg = Release|Any CPU
		{7CBB1899-D9AB-412B-A99F-D74761AEEAC6}.Release|Any CPU.Build.0 = Release|Any CPU
	EndGlobalSection
	GlobalSection(SolutionProperties) = preSolution
		HideSolutionNode = FALSE
	EndGlobalSection
	GlobalSection(ExtensibilityGlobals) = postSolution
		SolutionGuid = {99E1A8E5-31EE-4CB2-B374-B0D0A2B14C05}
	EndGlobalSection
EndGlobal
